{
  "name": "vukasinvujic-frame-print",
  "version": "1.0.0",
  "lockfileVersion": 1,
  "requires": true,
  "dependencies": {
    "vukasin-frame-print": {
      "version": "1.0.0",
      "resolved": "https://registry.npmjs.org/vukasin-frame-print/-/vukasin-frame-print-1.0.0.tgz",
      "integrity": "sha512-/z2TqkJt9+UzcpahrHzqr1hh0ddWFIasQ6TKjINIaoZ7zUg6V58h7gX6xMGxjLFzpYzQNyrswB2dLlRdoikyGA=="
    }
  }
}
